{
  "name": "data",
  "version": "0.0.0",
  "lockfileVersion": 1,
  "requires": true,
  "dependencies": {
    "@angular/animations": {
      "version": "4.4.3",
      "resolved": "https://registry.npmjs.org/@angular/animations/-/animations-4.4.3.tgz",
      "integrity": "sha1-OWxKW/sihH+eRYJFuplfnBMMDPM="
    },
    "@angular/cli": {
      "version": "1.1.2",
      "resolved": "https://registry.npmjs.org/@angular/cli/-/cli-1.1.2.tgz",
      "integrity": "sha1-A4VXd82rG6jcP2zcVerI/LD8+DE=",
      "dev": true
    },
    "@angular/common": {
      "version": "4.4.3",
      "resolved": "https://registry.npmjs.org/@angular/common/-/common-4.4.3.tgz",
      "integrity": "sha1-+SrGiwK+xfDm02A6hDKU3JbJYHQ="
    },
    "@angular/compiler": {
      "version": "4.4.3",
      "resolved": "https://registry.npmjs.org/@angular/compiler/-/compiler-4.4.3.tgz",
      "integrity": "sha1-jwEWPa19s0CEl9mdOHVUtrGFrWY="
    },
    "@angular/compiler-cli": {
      "version": "4.4.3",
      "resolved": "https://registry.npmjs.org/@angular/compiler-cli/-/compiler-cli-4.4.3.tgz",
      "integrity": "sha1-GDr4HxQRhrjWYLBkKVktQLdUCko=",
      "dev": true,
      "dependencies": {
        "minimist": {
          "version": "1.2.0",
          "resolved": "https://registry.npmjs.org/minimist/-/minimist-1.2.0.tgz",
          "integrity": "sha1-o1AIsg9BOD7sH7kU9M1d95omQoQ="
        }
      }
    },
    "@angular/core": {
      "version": "11.0.5",
      "resolved": "https://registry.npmjs.org/@angular/core/-/core-11.0.5.tgz",
      "integrity": "sha512-XAXWQi7R3ucZXQwx9QK5jSKJeQyRJ53u2dQDpr7R5stzeCy1a5hrNOkZLg9zOTTPcth/6+FrOrRZP9SMdxtw3w==",
      "requires": {
        "tslib": "^2.0.0"
      },
      "dependencies": {
        "tslib": {
          "version": "2.4.0",
          "resolved": "https://registry.npmjs.org/tslib/-/tslib-2.4.0.tgz",
          "integrity": "sha512-d6xOpEDfsi2CZVlPQzGeux8XMwLT9hssAsaPYExaQMuYskwb+x1x7J371tWlbBdWHroy99KnVB6qIkUbs5X3UQ=="
        }
      }
    },
    "@angular/forms": {
      "version": "4.4.3",
      "resolved": "https://registry.npmjs.org/@angular/forms/-/forms-4.4.3.tgz",
      "integrity": "sha1-JbQburWL8dqHJBHIUXwQ18U3PY4="
    },
    "@angular/http": {
      "version": "4.4.3",
      "resolved": "https://registry.npmjs.org/@angular/http/-/http-4.4.3.tgz",
      "integrity": "sha1-tVftJBRKrMRLE2zUd+hNL1eAiQM="
    },
    "@angular/language-service": {
      "version": "4.4.3",
      "resolved": "https://registry.npmjs.org/@angular/language-service/-/language-service-4.4.3.tgz",
      "integrity": "sha1-RScBGllJZ6OW7/PAXtFb1MhtUbc=",
      "dev": true
    },
    "@angular/platform-browser": {
      "version": "4.4.3",
      "resolved": "https://registry.npmjs.org/@angular/platform-browser/-/platform-browser-4.4.3.tgz",
      "integrity": "sha1-I/mkW9Pcf0TZeHf7+OYDLez8ncs="
    },
    "@angular/platform-browser-dynamic": {
      "version": "4.4.3",
      "resolved": "https://registry.npmjs.org/@angular/platform-browser-dynamic/-/platform-browser-dynamic-4.4.3.tgz",
      "integrity": "sha1-5B3dglJDJ3UxDqtZQM3Y3wYY8IQ="
    },
    "@angular/router": {
      "version": "4.4.3",
      "resolved": "https://registry.npmjs.org/@angular/router/-/router-4.4.3.tgz",
      "integrity": "sha1-JsyUd1o4YJRq6vHC6PYPTUTpCZE="
    },
    "@types/jasmine": {
      "version": "2.5.45",
      "resolved": "https://registry.npmjs.org/@types/jasmine/-/jasmine-2.5.45.tgz",
      "integrity": "sha1-WJKKYh0BTOarWcWpxBBx9zKLDKk=",
      "dev": true
    },
    "@types/node": {
      "version": "6.0.88",
      "resolved": "https://registry.npmjs.org/@types/node/-/node-6.0.88.tgz",
      "integrity": "sha512-bYDPZTX0/s1aihdjLuAgogUAT5M+TpoWChEMea2p0yOcfn5bu3k6cJb9cp6nw268XeSNIGGr+4+/8V5K6BGzLQ==",
      "dev": true
    },
    "axios": {
      "version": "0.16.2",
      "resolved": "https://registry.npmjs.org/axios/-/axios-0.16.2.tgz",
      "integrity": "sha1-uk+S8XFn37q0CYN4VFS5rBScPG0="
    },
    "body-parser": {
      "version": "1.18.2",
      "resolved": "https://registry.npmjs.org/body-parser/-/body-parser-1.18.2.tgz",
      "integrity": "sha1-h2eKGdhLR9hZuDGZvVm84iKxBFQ="
    },
    "codelyzer": {
      "version": "3.0.1",
      "resolved": "https://registry.npmjs.org/codelyzer/-/codelyzer-3.0.1.tgz",
      "integrity": "sha1-uma3sqpWT+n0XWAEtAA60s8RaCg=",
      "dev": true
    },
    "core-js": {
      "version": "2.5.1",
      "resolved": "https://registry.npmjs.org/core-js/-/core-js-2.5.1.tgz",
      "integrity": "sha1-rmh03GaTd4m4B1T/VCjfZoGcpQs="
    },
    "cors": {
      "version": "2.8.4",
      "resolved": "https://registry.npmjs.org/cors/-/cors-2.8.4.tgz",
      "integrity": "sha1-K9OB8usgECAQXNUOpZ2mMJBpRoY="
    },
    "diskdb": {
      "version": "0.1.17",
      "resolved": "https://registry.npmjs.org/diskdb/-/diskdb-0.1.17.tgz",
      "integrity": "sha1-ir0JUZazO0BnkfFJS2sTtEIiQMQ=",
      "dependencies": {
        "ansi-styles": {
          "version": "1.0.0",
          "resolved": "https://registry.npmjs.org/ansi-styles/-/ansi-styles-1.0.0.tgz",
          "integrity": "sha1-yxAt8cVvUSPquLZ817mAJ6AnkXg="
        },
        "chalk": {
          "version": "0.4.0",
          "resolved": "https://registry.npmjs.org/chalk/-/chalk-0.4.0.tgz",
          "integrity": "sha1-UZmj3c0MHv4jvAjBsCewYXbgxk8="
        },
        "node-uuid": {
          "version": "1.4.8",
          "resolved": "https://registry.npmjs.org/node-uuid/-/node-uuid-1.4.8.tgz",
          "integrity": "sha1-sEDrCSOWivq/jTL7HxfxFn/auQc="
        },
        "strip-ansi": {
          "version": "0.1.1",
          "resolved": "https://registry.npmjs.org/strip-ansi/-/strip-ansi-0.1.1.tgz",
          "integrity": "sha1-OeipjQRNFQZgq+SmgIrPcLt7yZE="
        }
      }
    },
    "express": {
      "version": "4.15.5",
      "resolved": "https://registry.npmjs.org/express/-/express-4.15.5.tgz",
      "integrity": "sha1-ZwI1ypWYiQpa6BcLg9tyK4Qu2Sc=",
      "dependencies": {
        "qs": {
          "version": "6.5.0",
          "resolved": "https://registry.npmjs.org/qs/-/qs-6.5.0.tgz",
          "integrity": "sha512-fjVFjW9yhqMhVGwRExCXLhJKrLlkYSaxNWdyc9rmHlrVZbk35YHH312dFd7191uQeXkI3mKLZTIbSvIeFwFemg=="
        }
      }
    },
    "jasmine-core": {
      "version": "2.6.4",
      "resolved": "https://registry.npmjs.org/jasmine-core/-/jasmine-core-2.6.4.tgz",
      "integrity": "sha1-3skmzQqfoof7bbXHVfpIfnTOysU=",
      "dev": true
    },
    "jasmine-spec-reporter": {
      "version": "4.1.1",
      "resolved": "https://registry.npmjs.org/jasmine-spec-reporter/-/jasmine-spec-reporter-4.1.1.tgz",
      "integrity": "sha1-Wm1Yq11hvqcwn7wnkjlRF1axtYg=",
      "dev": true
    },
    "karma": {
      "version": "1.7.1",
      "resolved": "https://registry.npmjs.org/karma/-/karma-1.7.1.tgz",
      "integrity": "sha512-k5pBjHDhmkdaUccnC7gE3mBzZjcxyxYsYVaqiL2G5AqlfLyBO5nw2VdNK+O16cveEPd/gIOWULH7gkiYYwVNHg==",
      "dev": true,
      "dependencies": {
        "lodash": {
          "version": "3.10.1",
          "resolved": "https://registry.npmjs.org/lodash/-/lodash-3.10.1.tgz",
          "integrity": "sha1-W/Rejkm6QYnhfUgnid/RW9FAt7Y="
        },
        "optimist": {
          "version": "0.6.1",
          "resolved": "https://registry.npmjs.org/optimist/-/optimist-0.6.1.tgz",
          "integrity": "sha1-2j6nRob6IaGaERwybpDrFaAZZoY="
        },
        "tmp": {
          "version": "0.0.31",
          "resolved": "https://registry.npmjs.org/tmp/-/tmp-0.0.31.tgz",
          "integrity": "sha1-jzirlDjhcxXl29izZX6L+yd65Kc="
        }
      }
    },
    "karma-chrome-launcher": {
      "version": "2.1.1",
      "resolved": "https://registry.npmjs.org/karma-chrome-launcher/-/karma-chrome-launcher-2.1.1.tgz",
      "integrity": "sha1-IWh5xorATY1RQOmWGboEtZr9Rs8=",
      "dev": true
    },
    "karma-cli": {
      "version": "1.0.1",
      "resolved": "https://registry.npmjs.org/karma-cli/-/karma-cli-1.0.1.tgz",
      "integrity": "sha1-rmw8WKMTodALRRZMRVubhs4X+WA=",
      "dev": true
    },
    "karma-coverage-istanbul-reporter": {
      "version": "1.3.0",
      "resolved": "https://registry.npmjs.org/karma-coverage-istanbul-reporter/-/karma-coverage-istanbul-reporter-1.3.0.tgz",
      "integrity": "sha1-0ULNnFVzHJ42Pvc3To7xoxvr+ts=",
      "dev": true
    },
    "karma-jasmine": {
      "version": "1.1.0",
      "resolved": "https://registry.npmjs.org/karma-jasmine/-/karma-jasmine-1.1.0.tgz",
      "integrity": "sha1-IuTAa/mhguUpTR9wXjczgRuBCs8=",
      "dev": true
    },
    "karma-jasmine-html-reporter": {
      "version": "0.2.2",
      "resolved": "https://registry.npmjs.org/karma-jasmine-html-reporter/-/karma-jasmine-html-reporter-0.2.2.tgz",
      "integrity": "sha1-SKjl7xiAdhfuK14zwRlMNbQ5Ukw=",
      "dev": true
    },
    "mongojs": {
      "version": "2.4.1",
      "resolved": "https://registry.npmjs.org/mongojs/-/mongojs-2.4.1.tgz",
      "integrity": "sha512-R344Q8ufjcqyFHO1CrxYboUBrEJwmsvMBtI8wsjCZq90mh/lzT0PBleAD6d1f8s07zeHSM2ebeu3OwMC4wxQlg=="
    },
    "protractor": {
      "version": "5.1.2",
      "resolved": "https://registry.npmjs.org/protractor/-/protractor-5.1.2.tgz",
      "integrity": "sha1-myIXQXCaTGLVzVPGqt1UpxE36V8=",
      "dev": true,
      "dependencies": {
        "optimist": {
          "version": "0.6.1",
          "resolved": "https://registry.npmjs.org/optimist/-/optimist-0.6.1.tgz",
          "integrity": "sha1-2j6nRob6IaGaERwybpDrFaAZZoY="
        },
        "q": {
          "version": "1.4.1",
          "resolved": "https://registry.npmjs.org/q/-/q-1.4.1.tgz",
          "integrity": "sha1-VXBbzZPF82c1MMLCy8DCs63cKG4="
        },
        "webdriver-manager": {
          "version": "12.0.6",
          "resolved": "https://registry.npmjs.org/webdriver-manager/-/webdriver-manager-12.0.6.tgz",
          "integrity": "sha1-PfGkgZdwELTL+MnYXHpXeCjA5ws=",
          "dependencies": {
            "minimist": {
              "version": "1.2.0",
              "resolved": "https://registry.npmjs.org/minimist/-/minimist-1.2.0.tgz",
              "integrity": "sha1-o1AIsg9BOD7sH7kU9M1d95omQoQ="
            }
          }
        }
      }
    },
    "rxjs": {
      "version": "5.4.3",
      "resolved": "https://registry.npmjs.org/rxjs/-/rxjs-5.4.3.tgz",
      "integrity": "sha512-fSNi+y+P9ss+EZuV0GcIIqPUK07DEaMRUtLJvdcvMyFjc9dizuDjere+A4V7JrLGnm9iCc+nagV/4QdMTkqC4A=="
    },
    "ts-node": {
      "version": "3.0.6",
      "resolved": "https://registry.npmjs.org/ts-node/-/ts-node-3.0.6.tgz",
      "integrity": "sha1-VRJ/95DH7r9rpowebd6UsJqqIeA=",
      "dev": true,
      "dependencies": {
        "minimist": {
          "version": "1.2.0",
          "resolved": "https://registry.npmjs.org/minimist/-/minimist-1.2.0.tgz",
          "integrity": "sha1-o1AIsg9BOD7sH7kU9M1d95omQoQ="
        }
      }
    },
    "tslint": {
      "version": "5.3.2",
      "resolved": "https://registry.npmjs.org/tslint/-/tslint-5.3.2.tgz",
      "integrity": "sha1-5WRZ+wlacwfxA7hAUhdPXju+9u0=",
      "dev": true,
      "dependencies": {
        "optimist": {
          "version": "0.6.1",
          "resolved": "https://registry.npmjs.org/optimist/-/optimist-0.6.1.tgz",
          "integrity": "sha1-2j6nRob6IaGaERwybpDrFaAZZoY="
        }
      }
    },
    "typescript": {
      "version": "2.3.4",
      "resolved": "https://registry.npmjs.org/typescript/-/typescript-2.3.4.tgz",
      "integrity": "sha1-PTgyGCgjHkNPKHUUlZw3qCtin0I=",
      "dev": true
    },
    "zone.js": {
      "version": "0.8.18",
      "resolved": "https://registry.npmjs.org/zone.js/-/zone.js-0.8.18.tgz",
      "integrity": "sha512-knKOBQM0oea3/x9pdyDuDi7RhxDlJhOIkeixXSiTKWLgs4LpK37iBc+1HaHwzlciHUKT172CymJFKo8Xgh+44Q=="
    }
  }
}
